
Microsoft Visual Studio Solution File, Format Version 12.00
# Visual Studio 14
VisualStudioVersion = 14.0.25420.1
MinimumVisualStudioVersion = 10.0.40219.1
Project("{FAE04EC0-301F-11D3-BF4B-00C04F79EFBC}") = "GitHubProject.Droid", "GitHubProject\GitHubProject.Droid\GitHubProject.Droid.csproj", "{80533854-BFCD-4242-A429-A1F95618CAFC}"
EndProject
Project("{FAE04EC0-301F-11D3-BF4B-00C04F79EFBC}") = "GitHubProject.iOS", "GitHubProject\GitHubProject.iOS\GitHubProject.iOS.csproj", "{931AF01E-E04A-4B5E-A163-5549942FA33C}"
EndProject
Project("{FAE04EC0-301F-11D3-BF4B-00C04F79EFBC}") = "GitHubProject.WinPhone", "GitHubProject\GitHubProject.WinPhone\GitHubProject.WinPhone.csproj", "{C111353A-0427-49AA-9946-9FA98470A91A}"
EndProject
Project("{FAE04EC0-301F-11D3-BF4B-00C04F79EFBC}") = "GitHubProject.Windows", "GitHubProject\GitHubProject.Windows\GitHubProject.Windows.csproj", "{CFEC4EA4-EA56-48B3-9470-056B16659113}"
EndProject
Project("{FAE04EC0-301F-11D3-BF4B-00C04F79EFBC}") = "GitHubProject", "GitHubProject\GitHubProject\GitHubProject.csproj", "{5D4C3050-F7B3-4DF4-9762-9F1816D44B11}"
EndProject
Global
	GlobalSection(SolutionConfigurationPlatforms) = preSolution
		Ad-Hoc|Any CPU = Ad-Hoc|Any CPU
		Ad-Hoc|ARM = Ad-Hoc|ARM
		Ad-Hoc|iPhone = Ad-Hoc|iPhone
		Ad-Hoc|iPhoneSimulator = Ad-Hoc|iPhoneSimulator
		Ad-Hoc|x64 = Ad-Hoc|x64
		Ad-Hoc|x86 = Ad-Hoc|x86
		AppStore|Any CPU = AppStore|Any CPU
		AppStore|ARM = AppStore|ARM
		AppStore|iPhone = AppStore|iPhone
		AppStore|iPhoneSimulator = AppStore|iPhoneSimulator
		AppStore|x64 = AppStore|x64
		AppStore|x86 = AppStore|x86
		Debug|Any CPU = Debug|Any CPU
		Debug|ARM = Debug|ARM
		Debug|iPhone = Debug|iPhone
		Debug|iPhoneSimulator = Debug|iPhoneSimulator
		Debug|x64 = Debug|x64
		Debug|x86 = Debug|x86
		Release|Any CPU = Release|Any CPU
		Release|ARM = Release|ARM
		Release|iPhone = Release|iPhone
		Release|iPhoneSimulator = Release|iPhoneSimulator
		Release|x64 = Release|x64
		Release|x86 = Release|x86
	EndGlobalSection
	GlobalSection(ProjectConfigurationPlatforms) = postSolution
		{80533854-BFCD-4242-A429-A1F95618CAFC}.Ad-Hoc|Any CPU.ActiveCfg = Release|Any CPU
		{80533854-BFCD-4242-A429-A1F95618CAFC}.Ad-Hoc|Any CPU.Build.0 = Release|Any CPU
		{80533854-BFCD-4242-A429-A1F95618CAFC}.Ad-Hoc|Any CPU.Deploy.0 = Release|Any CPU
		{80533854-BFCD-4242-A429-A1F95618CAFC}.Ad-Hoc|ARM.ActiveCfg = Release|Any CPU
		{80533854-BFCD-4242-A429-A1F95618CAFC}.Ad-Hoc|ARM.Build.0 = Release|Any CPU
		{80533854-BFCD-4242-A429-A1F95618CAFC}.Ad-Hoc|ARM.Deploy.0 = Release|Any CPU
		{80533854-BFCD-4242-A429-A1F95618CAFC}.Ad-Hoc|iPhone.ActiveCfg = Release|Any CPU
		{80533854-BFCD-4242-A429-A1F95618CAFC}.Ad-Hoc|iPhone.Build.0 = Release|Any CPU
		{80533854-BFCD-4242-A429-A1F95618CAFC}.Ad-Hoc|iPhone.Deploy.0 = Release|Any CPU
		{80533854-BFCD-4242-A429-A1F95618CAFC}.Ad-Hoc|iPhoneSimulator.ActiveCfg = Release|Any CPU
		{80533854-BFCD-4242-A429-A1F95618CAFC}.Ad-Hoc|iPhoneSimulator.Build.0 = Release|Any CPU
		{80533854-BFCD-4242-A429-A1F95618CAFC}.Ad-Hoc|iPhoneSimulator.Deploy.0 = Release|Any CPU
		{80533854-BFCD-4242-A429-A1F95618CAFC}.Ad-Hoc|x64.ActiveCfg = Release|Any CPU
		{80533854-BFCD-4242-A429-A1F95618CAFC}.Ad-Hoc|x64.Build.0 = Release|Any CPU
		{80533854-BFCD-4242-A429-A1F95618CAFC}.Ad-Hoc|x64.Deploy.0 = Release|Any CPU
		{80533854-BFCD-4242-A429-A1F95618CAFC}.Ad-Hoc|x86.ActiveCfg = Release|Any CPU
		{80533854-BFCD-4242-A429-A1F95618CAFC}.Ad-Hoc|x86.Build.0 = Release|Any CPU
		{80533854-BFCD-4242-A429-A1F95618CAFC}.Ad-Hoc|x86.Deploy.0 = Release|Any CPU
		{80533854-BFCD-4242-A429-A1F95618CAFC}.AppStore|Any CPU.ActiveCfg = Release|Any CPU
		{80533854-BFCD-4242-A429-A1F95618CAFC}.AppStore|Any CPU.Build.0 = Release|Any CPU
		{80533854-BFCD-4242-A429-A1F95618CAFC}.AppStore|Any CPU.Deploy.0 = Release|Any CPU
		{80533854-BFCD-4242-A429-A1F95618CAFC}.AppStore|ARM.ActiveCfg = Release|Any CPU
		{80533854-BFCD-4242-A429-A1F95618CAFC}.AppStore|ARM.Build.0 = Release|Any CPU
		{80533854-BFCD-4242-A429-A1F95618CAFC}.AppStore|ARM.Deploy.0 = Release|Any CPU
		{80533854-BFCD-4242-A429-A1F95618CAFC}.AppStore|iPhone.ActiveCfg = Release|Any CPU
		{80533854-BFCD-4242-A429-A1F95618CAFC}.AppStore|iPhone.Build.0 = Release|Any CPU
		{80533854-BFCD-4242-A429-A1F95618CAFC}.AppStore|iPhone.Deploy.0 = Release|Any CPU
		{80533854-BFCD-4242-A429-A1F95618CAFC}.AppStore|iPhoneSimulator.ActiveCfg = Release|Any CPU
		{80533854-BFCD-4242-A429-A1F95618CAFC}.AppStore|iPhoneSimulator.Build.0 = Release|Any CPU
		{80533854-BFCD-4242-A429-A1F95618CAFC}.AppStore|iPhoneSimulator.Deploy.0 = Release|Any CPU
		{80533854-BFCD-4242-A429-A1F95618CAFC}.AppStore|x64.ActiveCfg = Release|Any CPU
		{80533854-BFCD-4242-A429-A1F95618CAFC}.AppStore|x64.Build.0 = Release|Any CPU
		{80533854-BFCD-4242-A429-A1F95618CAFC}.AppStore|x64.Deploy.0 = Release|Any CPU
		{80533854-BFCD-4242-A429-A1F95618CAFC}.AppStore|x86.ActiveCfg = Release|Any CPU
		{80533854-BFCD-4242-A429-A1F95618CAFC}.AppStore|x86.Build.0 = Release|Any CPU
		{80533854-BFCD-4242-A429-A1F95618CAFC}.AppStore|x86.Deploy.0 = Release|Any CPU
		{80533854-BFCD-4242-A429-A1F95618CAFC}.Debug|Any CPU.ActiveCfg = Debug|Any CPU
		{80533854-BFCD-4242-A429-A1F95618CAFC}.Debug|Any CPU.Build.0 = Debug|Any CPU
		{80533854-BFCD-4242-A429-A1F95618CAFC}.Debug|Any CPU.Deploy.0 = Debug|Any CPU
		{80533854-BFCD-4242-A429-A1F95618CAFC}.Debug|ARM.ActiveCfg = Debug|Any CPU
		{80533854-BFCD-4242-A429-A1F95618CAFC}.Debug|ARM.Build.0 = Debug|Any CPU
		{80533854-BFCD-4242-A429-A1F95618CAFC}.Debug|ARM.Deploy.0 = Debug|Any CPU
		{80533854-BFCD-4242-A429-A1F95618CAFC}.Debug|iPhone.ActiveCfg = Debug|Any CPU
		{80533854-BFCD-4242-A429-A1F95618CAFC}.Debug|iPhone.Build.0 = Debug|Any CPU
		{80533854-BFCD-4242-A429-A1F95618CAFC}.Debug|iPhone.Deploy.0 = Debug|Any CPU
		{80533854-BFCD-4242-A429-A1F95618CAFC}.Debug|iPhoneSimulator.ActiveCfg = Debug|Any CPU
		{80533854-BFCD-4242-A429-A1F95618CAFC}.Debug|iPhoneSimulator.Build.0 = Debug|Any CPU
		{80533854-BFCD-4242-A429-A1F95618CAFC}.Debug|iPhoneSimulator.Deploy.0 = Debug|Any CPU
		{80533854-BFCD-4242-A429-A1F95618CAFC}.Debug|x64.ActiveCfg = Debug|Any CPU
		{80533854-BFCD-4242-A429-A1F95618CAFC}.Debug|x64.Build.0 = Debug|Any CPU
		{80533854-BFCD-4242-A429-A1F95618CAFC}.Debug|x64.Deploy.0 = Debug|Any CPU
		{80533854-BFCD-4242-A429-A1F95618CAFC}.Debug|x86.ActiveCfg = Debug|Any CPU
		{80533854-BFCD-4242-A429-A1F95618CAFC}.Debug|x86.Build.0 = Debug|Any CPU
		{80533854-BFCD-4242-A429-A1F95618CAFC}.Debug|x86.Deploy.0 = Debug|Any CPU
		{80533854-BFCD-4242-A429-A1F95618CAFC}.Release|Any CPU.ActiveCfg = Release|Any CPU
		{80533854-BFCD-4242-A429-A1F95618CAFC}.Release|Any CPU.Build.0 = Release|Any CPU
		{80533854-BFCD-4242-A429-A1F95618CAFC}.Release|Any CPU.Deploy.0 = Release|Any CPU
		{80533854-BFCD-4242-A429-A1F95618CAFC}.Release|ARM.ActiveCfg = Release|Any CPU
		{80533854-BFCD-4242-A429-A1F95618CAFC}.Release|ARM.Build.0 = Release|Any CPU
		{80533854-BFCD-4242-A429-A1F95618CAFC}.Release|ARM.Deploy.0 = Release|Any CPU
		{80533854-BFCD-4242-A429-A1F95618CAFC}.Release|iPhone.ActiveCfg = Release|Any CPU
		{80533854-BFCD-4242-A429-A1F95618CAFC}.Release|iPhone.Build.0 = Release|Any CPU
		{80533854-BFCD-4242-A429-A1F95618CAFC}.Release|iPhone.Deploy.0 = Release|Any CPU
		{80533854-BFCD-4242-A429-A1F95618CAFC}.Release|iPhoneSimulator.ActiveCfg = Release|Any CPU
		{80533854-BFCD-4242-A429-A1F95618CAFC}.Release|iPhoneSimulator.Build.0 = Release|Any CPU
		{80533854-BFCD-4242-A429-A1F95618CAFC}.Release|iPhoneSimulator.Deploy.0 = Release|Any CPU
		{80533854-BFCD-4242-A429-A1F95618CAFC}.Release|x64.ActiveCfg = Release|Any CPU
		{80533854-BFCD-4242-A429-A1F95618CAFC}.Release|x64.Build.0 = Release|Any CPU
		{80533854-BFCD-4242-A429-A1F95618CAFC}.Release|x64.Deploy.0 = Release|Any CPU
		{80533854-BFCD-4242-A429-A1F95618CAFC}.Release|x86.ActiveCfg = Release|Any CPU
		{80533854-BFCD-4242-A429-A1F95618CAFC}.Release|x86.Build.0 = Release|Any CPU
		{80533854-BFCD-4242-A429-A1F95618CAFC}.Release|x86.Deploy.0 = Release|Any CPU
		{931AF01E-E04A-4B5E-A163-5549942FA33C}.Ad-Hoc|Any CPU.ActiveCfg = Ad-Hoc|iPhone
		{931AF01E-E04A-4B5E-A163-5549942FA33C}.Ad-Hoc|ARM.ActiveCfg = Ad-Hoc|iPhone
		{931AF01E-E04A-4B5E-A163-5549942FA33C}.Ad-Hoc|iPhone.ActiveCfg = Ad-Hoc|iPhone
		{931AF01E-E04A-4B5E-A163-5549942FA33C}.Ad-Hoc|iPhone.Build.0 = Ad-Hoc|iPhone
		{931AF01E-E04A-4B5E-A163-5549942FA33C}.Ad-Hoc|iPhoneSimulator.ActiveCfg = Ad-Hoc|iPhoneSimulator
		{931AF01E-E04A-4B5E-A163-5549942FA33C}.Ad-Hoc|iPhoneSimulator.Build.0 = Ad-Hoc|iPhoneSimulator
		{931AF01E-E04A-4B5E-A163-5549942FA33C}.Ad-Hoc|x64.ActiveCfg = Ad-Hoc|iPhone
		{931AF01E-E04A-4B5E-A163-5549942FA33C}.Ad-Hoc|x86.ActiveCfg = Ad-Hoc|iPhone
		{931AF01E-E04A-4B5E-A163-5549942FA33C}.AppStore|Any CPU.ActiveCfg = AppStore|iPhone
		{931AF01E-E04A-4B5E-A163-5549942FA33C}.AppStore|ARM.ActiveCfg = AppStore|iPhone
		{931AF01E-E04A-4B5E-A163-5549942FA33C}.AppStore|iPhone.ActiveCfg = AppStore|iPhone
		{931AF01E-E04A-4B5E-A163-5549942FA33C}.AppStore|iPhone.Build.0 = AppStore|iPhone
		{931AF01E-E04A-4B5E-A163-5549942FA33C}.AppStore|iPhoneSimulator.ActiveCfg = AppStore|iPhoneSimulator
		{931AF01E-E04A-4B5E-A163-5549942FA33C}.AppStore|iPhoneSimulator.Build.0 = AppStore|iPhoneSimulator
		{931AF01E-E04A-4B5E-A163-5549942FA33C}.AppStore|x64.ActiveCfg = AppStore|iPhone
		{931AF01E-E04A-4B5E-A163-5549942FA33C}.AppStore|x86.ActiveCfg = AppStore|iPhone
		{931AF01E-E04A-4B5E-A163-5549942FA33C}.Debug|Any CPU.ActiveCfg = Debug|iPhone
		{931AF01E-E04A-4B5E-A163-5549942FA33C}.Debug|ARM.ActiveCfg = Debug|iPhone
		{931AF01E-E04A-4B5E-A163-5549942FA33C}.Debug|iPhone.ActiveCfg = Debug|iPhone
		{931AF01E-E04A-4B5E-A163-5549942FA33C}.Debug|iPhone.Build.0 = Debug|iPhone
		{931AF01E-E04A-4B5E-A163-5549942FA33C}.Debug|iPhoneSimulator.ActiveCfg = Debug|iPhoneSimulator
		{931AF01E-E04A-4B5E-A163-5549942FA33C}.Debug|iPhoneSimulator.Build.0 = Debug|iPhoneSimulator
		{931AF01E-E04A-4B5E-A163-5549942FA33C}.Debug|x64.ActiveCfg = Debug|iPhone
		{931AF01E-E04A-4B5E-A163-5549942FA33C}.Debug|x86.ActiveCfg = Debug|iPhone
		{931AF01E-E04A-4B5E-A163-5549942FA33C}.Release|Any CPU.ActiveCfg = Release|iPhone
		{931AF01E-E04A-4B5E-A163-5549942FA33C}.Release|ARM.ActiveCfg = Release|iPhone
		{931AF01E-E04A-4B5E-A163-5549942FA33C}.Release|iPhone.ActiveCfg = Release|iPhone
		{931AF01E-E04A-4B5E-A163-5549942FA33C}.Release|iPhone.Build.0 = Release|iPhone
		{931AF01E-E04A-4B5E-A163-5549942FA33C}.Release|iPhoneSimulator.ActiveCfg = Release|iPhoneSimulator
		{931AF01E-E04A-4B5E-A163-5549942FA33C}.Release|iPhoneSimulator.Build.0 = Release|iPhoneSimulator
		{931AF01E-E04A-4B5E-A163-5549942FA33C}.Release|x64.ActiveCfg = Release|iPhone
		{931AF01E-E04A-4B5E-A163-5549942FA33C}.Release|x86.ActiveCfg = Release|iPhone
		{C111353A-0427-49AA-9946-9FA98470A91A}.Ad-Hoc|Any CPU.ActiveCfg = Release|Any CPU
		{C111353A-0427-49AA-9946-9FA98470A91A}.Ad-Hoc|Any CPU.Build.0 = Release|Any CPU
		{C111353A-0427-49AA-9946-9FA98470A91A}.Ad-Hoc|Any CPU.Deploy.0 = Release|Any CPU
		{C111353A-0427-49AA-9946-9FA98470A91A}.Ad-Hoc|ARM.ActiveCfg = Release|ARM
		{C111353A-0427-49AA-9946-9FA98470A91A}.Ad-Hoc|ARM.Build.0 = Release|ARM
		{C111353A-0427-49AA-9946-9FA98470A91A}.Ad-Hoc|ARM.Deploy.0 = Release|ARM
		{C111353A-0427-49AA-9946-9FA98470A91A}.Ad-Hoc|iPhone.ActiveCfg = Release|Any CPU
		{C111353A-0427-49AA-9946-9FA98470A91A}.Ad-Hoc|iPhone.Build.0 = Release|Any CPU
		{C111353A-0427-49AA-9946-9FA98470A91A}.Ad-Hoc|iPhone.Deploy.0 = Release|Any CPU
		{C111353A-0427-49AA-9946-9FA98470A91A}.Ad-Hoc|iPhoneSimulator.ActiveCfg = Release|Any CPU
		{C111353A-0427-49AA-9946-9FA98470A91A}.Ad-Hoc|iPhoneSimulator.Build.0 = Release|Any CPU
		{C111353A-0427-49AA-9946-9FA98470A91A}.Ad-Hoc|iPhoneSimulator.Deploy.0 = Release|Any CPU
		{C111353A-0427-49AA-9946-9FA98470A91A}.Ad-Hoc|x64.ActiveCfg = Release|Any CPU
		{C111353A-0427-49AA-9946-9FA98470A91A}.Ad-Hoc|x64.Build.0 = Release|Any CPU
		{C111353A-0427-49AA-9946-9FA98470A91A}.Ad-Hoc|x64.Deploy.0 = Release|Any CPU
		{C111353A-0427-49AA-9946-9FA98470A91A}.Ad-Hoc|x86.ActiveCfg = Release|x86
		{C111353A-0427-49AA-9946-9FA98470A91A}.Ad-Hoc|x86.Build.0 = Release|x86
		{C111353A-0427-49AA-9946-9FA98470A91A}.Ad-Hoc|x86.Deploy.0 = Release|x86
		{C111353A-0427-49AA-9946-9FA98470A91A}.AppStore|Any CPU.ActiveCfg = Release|Any CPU
		{C111353A-0427-49AA-9946-9FA98470A91A}.AppStore|Any CPU.Build.0 = Release|Any CPU
		{C111353A-0427-49AA-9946-9FA98470A91A}.AppStore|Any CPU.Deploy.0 = Release|Any CPU
		{C111353A-0427-49AA-9946-9FA98470A91A}.AppStore|ARM.ActiveCfg = Release|ARM
		{C111353A-0427-49AA-9946-9FA98470A91A}.AppStore|ARM.Build.0 = Release|ARM
		{C111353A-0427-49AA-9946-9FA98470A91A}.AppStore|ARM.Deploy.0 = Release|ARM
		{C111353A-0427-49AA-9946-9FA98470A91A}.AppStore|iPhone.ActiveCfg = Release|Any CPU
		{C111353A-0427-49AA-9946-9FA98470A91A}.AppStore|iPhone.Build.0 = Release|Any CPU
		{C111353A-0427-49AA-9946-9FA98470A91A}.AppStore|iPhone.Deploy.0 = Release|Any CPU
		{C111353A-0427-49AA-9946-9FA98470A91A}.AppStore|iPhoneSimulator.ActiveCfg = Release|Any CPU
		{C111353A-0427-49AA-9946-9FA98470A91A}.AppStore|iPhoneSimulator.Build.0 = Release|Any CPU
		{C111353A-0427-49AA-9946-9FA98470A91A}.AppStore|iPhoneSimulator.Deploy.0 = Release|Any CPU
		{C111353A-0427-49AA-9946-9FA98470A91A}.AppStore|x64.ActiveCfg = Release|Any CPU
		{C111353A-0427-49AA-9946-9FA98470A91A}.AppStore|x64.Build.0 = Release|Any CPU
		{C111353A-0427-49AA-9946-9FA98470A91A}.AppStore|x64.Deploy.0 = Release|Any CPU
		{C111353A-0427-49AA-9946-9FA98470A91A}.AppStore|x86.ActiveCfg = Release|x86
		{C111353A-0427-49AA-9946-9FA98470A91A}.AppStore|x86.Build.0 = Release|x86
		{C111353A-0427-49AA-9946-9FA98470A91A}.AppStore|x86.Deploy.0 = Release|x86
		{C111353A-0427-49AA-9946-9FA98470A91A}.Debug|Any CPU.ActiveCfg = Debug|Any CPU
		{C111353A-0427-49AA-9946-9FA98470A91A}.Debug|Any CPU.Build.0 = Debug|Any CPU
		{C111353A-0427-49AA-9946-9FA98470A91A}.Debug|Any CPU.Deploy.0 = Debug|Any CPU
		{C111353A-0427-49AA-9946-9FA98470A91A}.Debug|ARM.ActiveCfg = Debug|ARM
		{C111353A-0427-49AA-9946-9FA98470A91A}.Debug|ARM.Build.0 = Debug|ARM
		{C111353A-0427-49AA-9946-9FA98470A91A}.Debug|ARM.Deploy.0 = Debug|ARM
		{C111353A-0427-49AA-9946-9FA98470A91A}.Debug|iPhone.ActiveCfg = Debug|Any CPU
		{C111353A-0427-49AA-9946-9FA98470A91A}.Debug|iPhone.Build.0 = Debug|Any CPU
		{C111353A-0427-49AA-9946-9FA98470A91A}.Debug|iPhone.Deploy.0 = Debug|Any CPU
		{C111353A-0427-49AA-9946-9FA98470A91A}.Debug|iPhoneSimulator.ActiveCfg = Debug|Any CPU
		{C111353A-0427-49AA-9946-9FA98470A91A}.Debug|iPhoneSimulator.Build.0 = Debug|Any CPU
		{C111353A-0427-49AA-9946-9FA98470A91A}.Debug|iPhoneSimulator.Deploy.0 = Debug|Any CPU
		{C111353A-0427-49AA-9946-9FA98470A91A}.Debug|x64.ActiveCfg = Debug|Any CPU
		{C111353A-0427-49AA-9946-9FA98470A91A}.Debug|x64.Build.0 = Debug|Any CPU
		{C111353A-0427-49AA-9946-9FA98470A91A}.Debug|x64.Deploy.0 = Debug|Any CPU
		{C111353A-0427-49AA-9946-9FA98470A91A}.Debug|x86.ActiveCfg = Debug|x86
		{C111353A-0427-49AA-9946-9FA98470A91A}.Debug|x86.Build.0 = Debug|x86
		{C111353A-0427-49AA-9946-9FA98470A91A}.Debug|x86.Deploy.0 = Debug|x86
		{C111353A-0427-49AA-9946-9FA98470A91A}.Release|Any CPU.ActiveCfg = Release|Any CPU
		{C111353A-0427-49AA-9946-9FA98470A91A}.Release|Any CPU.Build.0 = Release|Any CPU
		{C111353A-0427-49AA-9946-9FA98470A91A}.Release|Any CPU.Deploy.0 = Release|Any CPU
		{C111353A-0427-49AA-9946-9FA98470A91A}.Release|ARM.ActiveCfg = Release|ARM
		{C111353A-0427-49AA-9946-9FA98470A91A}.Release|ARM.Build.0 = Release|ARM
		{C111353A-0427-49AA-9946-9FA98470A91A}.Release|ARM.Deploy.0 = Release|ARM
		{C111353A-0427-49AA-9946-9FA98470A91A}.Release|iPhone.ActiveCfg = Release|Any CPU
		{C111353A-0427-49AA-9946-9FA98470A91A}.Release|iPhone.Build.0 = Release|Any CPU
		{C111353A-0427-49AA-9946-9FA98470A91A}.Release|iPhone.Deploy.0 = Release|Any CPU
		{C111353A-0427-49AA-9946-9FA98470A91A}.Release|iPhoneSimulator.ActiveCfg = Release|Any CPU
		{C111353A-0427-49AA-9946-9FA98470A91A}.Release|iPhoneSimulator.Build.0 = Release|Any CPU
		{C111353A-0427-49AA-9946-9FA98470A91A}.Release|iPhoneSimulator.Deploy.0 = Release|Any CPU
		{C111353A-0427-49AA-9946-9FA98470A91A}.Release|x64.ActiveCfg = Release|Any CPU
		{C111353A-0427-49AA-9946-9FA98470A91A}.Release|x64.Build.0 = Release|Any CPU
		{C111353A-0427-49AA-9946-9FA98470A91A}.Release|x64.Deploy.0 = Release|Any CPU
		{C111353A-0427-49AA-9946-9FA98470A91A}.Release|x86.ActiveCfg = Release|x86
		{C111353A-0427-49AA-9946-9FA98470A91A}.Release|x86.Build.0 = Release|x86
		{C111353A-0427-49AA-9946-9FA98470A91A}.Release|x86.Deploy.0 = Release|x86
		{CFEC4EA4-EA56-48B3-9470-056B16659113}.Ad-Hoc|Any CPU.ActiveCfg = Release|Any CPU
		{CFEC4EA4-EA56-48B3-9470-056B16659113}.Ad-Hoc|Any CPU.Build.0 = Release|Any CPU
		{CFEC4EA4-EA56-48B3-9470-056B16659113}.Ad-Hoc|Any CPU.Deploy.0 = Release|Any CPU
		{CFEC4EA4-EA56-48B3-9470-056B16659113}.Ad-Hoc|ARM.ActiveCfg = Release|ARM
		{CFEC4EA4-EA56-48B3-9470-056B16659113}.Ad-Hoc|ARM.Build.0 = Release|ARM
		{CFEC4EA4-EA56-48B3-9470-056B16659113}.Ad-Hoc|ARM.Deploy.0 = Release|ARM
		{CFEC4EA4-EA56-48B3-9470-056B16659113}.Ad-Hoc|iPhone.ActiveCfg = Release|Any CPU
		{CFEC4EA4-EA56-48B3-9470-056B16659113}.Ad-Hoc|iPhone.Build.0 = Release|Any CPU
		{CFEC4EA4-EA56-48B3-9470-056B16659113}.Ad-Hoc|iPhone.Deploy.0 = Release|Any CPU
		{CFEC4EA4-EA56-48B3-9470-056B16659113}.Ad-Hoc|iPhoneSimulator.ActiveCfg = Release|Any CPU
		{CFEC4EA4-EA56-48B3-9470-056B16659113}.Ad-Hoc|iPhoneSimulator.Build.0 = Release|Any CPU
		{CFEC4EA4-EA56-48B3-9470-056B16659113}.Ad-Hoc|iPhoneSimulator.Deploy.0 = Release|Any CPU
		{CFEC4EA4-EA56-48B3-9470-056B16659113}.Ad-Hoc|x64.ActiveCfg = Release|x64
		{CFEC4EA4-EA56-48B3-9470-056B16659113}.Ad-Hoc|x64.Build.0 = Release|x64
		{CFEC4EA4-EA56-48B3-9470-056B16659113}.Ad-Hoc|x64.Deploy.0 = Release|x64
		{CFEC4EA4-EA56-48B3-9470-056B16659113}.Ad-Hoc|x86.ActiveCfg = Release|x86
		{CFEC4EA4-EA56-48B3-9470-056B16659113}.Ad-Hoc|x86.Build.0 = Release|x86
		{CFEC4EA4-EA56-48B3-9470-056B16659113}.Ad-Hoc|x86.Deploy.0 = Release|x86
		{CFEC4EA4-EA56-48B3-9470-056B16659113}.AppStore|Any CPU.ActiveCfg = Release|Any CPU
		{CFEC4EA4-EA56-48B3-9470-056B16659113}.AppStore|Any CPU.Build.0 = Release|Any CPU
		{CFEC4EA4-EA56-48B3-9470-056B16659113}.AppStore|Any CPU.Deploy.0 = Release|Any CPU
		{CFEC4EA4-EA56-48B3-9470-056B16659113}.AppStore|ARM.ActiveCfg = Release|ARM
		{CFEC4EA4-EA56-48B3-9470-056B16659113}.AppStore|ARM.Build.0 = Release|ARM
		{CFEC4EA4-EA56-48B3-9470-056B16659113}.AppStore|ARM.Deploy.0 = Release|ARM
		{CFEC4EA4-EA56-48B3-9470-056B16659113}.AppStore|iPhone.ActiveCfg = Release|Any CPU
		{CFEC4EA4-EA56-48B3-9470-056B16659113}.AppStore|iPhone.Build.0 = Release|Any CPU
		{CFEC4EA4-EA56-48B3-9470-056B16659113}.AppStore|iPhone.Deploy.0 = Release|Any CPU
		{CFEC4EA4-EA56-48B3-9470-056B16659113}.AppStore|iPhoneSimulator.ActiveCfg = Release|Any CPU
		{CFEC4EA4-EA56-48B3-9470-056B16659113}.AppStore|iPhoneSimulator.Build.0 = Release|Any CPU
		{CFEC4EA4-EA56-48B3-9470-056B16659113}.AppStore|iPhoneSimulator.Deploy.0 = Release|Any CPU
		{CFEC4EA4-EA56-48B3-9470-056B16659113}.AppStore|x64.ActiveCfg = Release|x64
		{CFEC4EA4-EA56-48B3-9470-056B16659113}.AppStore|x64.Build.0 = Release|x64
		{CFEC4EA4-EA56-48B3-9470-056B16659113}.AppStore|x64.Deploy.0 = Release|x64
		{CFEC4EA4-EA56-48B3-9470-056B16659113}.AppStore|x86.ActiveCfg = Release|x86
		{CFEC4EA4-EA56-48B3-9470-056B16659113}.AppStore|x86.Build.0 = Release|x86
		{CFEC4EA4-EA56-48B3-9470-056B16659113}.AppStore|x86.Deploy.0 = Release|x86
		{CFEC4EA4-EA56-48B3-9470-056B16659113}.Debug|Any CPU.ActiveCfg = Debug|Any CPU
		{CFEC4EA4-EA56-48B3-9470-056B16659113}.Debug|Any CPU.Build.0 = Debug|Any CPU
		{CFEC4EA4-EA56-48B3-9470-056B16659113}.Debug|Any CPU.Deploy.0 = Debug|Any CPU
		{CFEC4EA4-EA56-48B3-9470-056B16659113}.Debug|ARM.ActiveCfg = Debug|ARM
		{CFEC4EA4-EA56-48B3-9470-056B16659113}.Debug|ARM.Build.0 = Debug|ARM
		{CFEC4EA4-EA56-48B3-9470-056B16659113}.Debug|ARM.Deploy.0 = Debug|ARM
		{CFEC4EA4-EA56-48B3-9470-056B16659113}.Debug|iPhone.ActiveCfg = Debug|Any CPU
		{CFEC4EA4-EA56-48B3-9470-056B16659113}.Debug|iPhone.Build.0 = Debug|Any CPU
		{CFEC4EA4-EA56-48B3-9470-056B16659113}.Debug|iPhone.Deploy.0 = Debug|Any CPU
		{CFEC4EA4-EA56-48B3-9470-056B16659113}.Debug|iPhoneSimulator.ActiveCfg = Debug|Any CPU
		{CFEC4EA4-EA56-48B3-9470-056B16659113}.Debug|iPhoneSimulator.Build.0 = Debug|Any CPU
		{CFEC4EA4-EA56-48B3-9470-056B16659113}.Debug|iPhoneSimulator.Deploy.0 = Debug|Any CPU
		{CFEC4EA4-EA56-48B3-9470-056B16659113}.Debug|x64.ActiveCfg = Debug|x64
		{CFEC4EA4-EA56-48B3-9470-056B16659113}.Debug|x64.Build.0 = Debug|x64
		{CFEC4EA4-EA56-48B3-9470-056B16659113}.Debug|x64.Deploy.0 = Debug|x64
		{CFEC4EA4-EA56-48B3-9470-056B16659113}.Debug|x86.ActiveCfg = Debug|x86
		{CFEC4EA4-EA56-48B3-9470-056B16659113}.Debug|x86.Build.0 = Debug|x86
		{CFEC4EA4-EA56-48B3-9470-056B16659113}.Debug|x86.Deploy.0 = Debug|x86
		{CFEC4EA4-EA56-48B3-9470-056B16659113}.Release|Any CPU.ActiveCfg = Release|Any CPU
		{CFEC4EA4-EA56-48B3-9470-056B16659113}.Release|Any CPU.Build.0 = Release|Any CPU
		{CFEC4EA4-EA56-48B3-9470-056B16659113}.Release|Any CPU.Deploy.0 = Release|Any CPU
		{CFEC4EA4-EA56-48B3-9470-056B16659113}.Release|ARM.ActiveCfg = Release|ARM
		{CFEC4EA4-EA56-48B3-9470-056B16659113}.Release|ARM.Build.0 = Release|ARM
		{CFEC4EA4-EA56-48B3-9470-056B16659113}.Release|ARM.Deploy.0 = Release|ARM
		{CFEC4EA4-EA56-48B3-9470-056B16659113}.Release|iPhone.ActiveCfg = Release|Any CPU
		{CFEC4EA4-EA56-48B3-9470-056B16659113}.Release|iPhone.Build.0 = Release|Any CPU
		{CFEC4EA4-EA56-48B3-9470-056B16659113}.Release|iPhone.Deploy.0 = Release|Any CPU
		{CFEC4EA4-EA56-48B3-9470-056B16659113}.Release|iPhoneSimulator.ActiveCfg = Release|Any CPU
		{CFEC4EA4-EA56-48B3-9470-056B16659113}.Release|iPhoneSimulator.Build.0 = Release|Any CPU
		{CFEC4EA4-EA56-48B3-9470-056B16659113}.Release|iPhoneSimulator.Deploy.0 = Release|Any CPU
		{CFEC4EA4-EA56-48B3-9470-056B16659113}.Release|x64.ActiveCfg = Release|x64
		{CFEC4EA4-EA56-48B3-9470-056B16659113}.Release|x64.Build.0 = Release|x64
		{CFEC4EA4-EA56-48B3-9470-056B16659113}.Release|x64.Deploy.0 = Release|x64
		{CFEC4EA4-EA56-48B3-9470-056B16659113}.Release|x86.ActiveCfg = Release|x86
		{CFEC4EA4-EA56-48B3-9470-056B16659113}.Release|x86.Build.0 = Release|x86
		{CFEC4EA4-EA56-48B3-9470-056B16659113}.Release|x86.Deploy.0 = Release|x86
		{5D4C3050-F7B3-4DF4-9762-9F1816D44B11}.Ad-Hoc|Any CPU.ActiveCfg = Release|Any CPU
		{5D4C3050-F7B3-4DF4-9762-9F1816D44B11}.Ad-Hoc|Any CPU.Build.0 = Release|Any CPU
		{5D4C3050-F7B3-4DF4-9762-9F1816D44B11}.Ad-Hoc|ARM.ActiveCfg = Release|Any CPU
		{5D4C3050-F7B3-4DF4-9762-9F1816D44B11}.Ad-Hoc|ARM.Build.0 = Release|Any CPU
		{5D4C3050-F7B3-4DF4-9762-9F1816D44B11}.Ad-Hoc|iPhone.ActiveCfg = Release|Any CPU
		{5D4C3050-F7B3-4DF4-9762-9F1816D44B11}.Ad-Hoc|iPhone.Build.0 = Release|Any CPU
		{5D4C3050-F7B3-4DF4-9762-9F1816D44B11}.Ad-Hoc|iPhoneSimulator.ActiveCfg = Release|Any CPU
		{5D4C3050-F7B3-4DF4-9762-9F1816D44B11}.Ad-Hoc|iPhoneSimulator.Build.0 = Release|Any CPU
		{5D4C3050-F7B3-4DF4-9762-9F1816D44B11}.Ad-Hoc|x64.ActiveCfg = Release|Any CPU
		{5D4C3050-F7B3-4DF4-9762-9F1816D44B11}.Ad-Hoc|x64.Build.0 = Release|Any CPU
		{5D4C3050-F7B3-4DF4-9762-9F1816D44B11}.Ad-Hoc|x86.ActiveCfg = Release|Any CPU
		{5D4C3050-F7B3-4DF4-9762-9F1816D44B11}.Ad-Hoc|x86.Build.0 = Release|Any CPU
		{5D4C3050-F7B3-4DF4-9762-9F1816D44B11}.AppStore|Any CPU.ActiveCfg = Release|Any CPU
		{5D4C3050-F7B3-4DF4-9762-9F1816D44B11}.AppStore|Any CPU.Build.0 = Release|Any CPU
		{5D4C3050-F7B3-4DF4-9762-9F1816D44B11}.AppStore|ARM.ActiveCfg = Release|Any CPU
		{5D4C3050-F7B3-4DF4-9762-9F1816D44B11}.AppStore|ARM.Build.0 = Release|Any CPU
		{5D4C3050-F7B3-4DF4-9762-9F1816D44B11}.AppStore|iPhone.ActiveCfg = Release|Any CPU
		{5D4C3050-F7B3-4DF4-9762-9F1816D44B11}.AppStore|iPhone.Build.0 = Release|Any CPU
		{5D4C3050-F7B3-4DF4-9762-9F1816D44B11}.AppStore|iPhoneSimulator.ActiveCfg = Release|Any CPU
		{5D4C3050-F7B3-4DF4-9762-9F1816D44B11}.AppStore|iPhoneSimulator.Build.0 = Release|Any CPU
		{5D4C3050-F7B3-4DF4-9762-9F1816D44B11}.AppStore|x64.ActiveCfg = Release|Any CPU
		{5D4C3050-F7B3-4DF4-9762-9F1816D44B11}.AppStore|x64.Build.0 = Release|Any CPU
		{5D4C3050-F7B3-4DF4-9762-9F1816D44B11}.AppStore|x86.ActiveCfg = Release|Any CPU
		{5D4C3050-F7B3-4DF4-9762-9F1816D44B11}.AppStore|x86.Build.0 = Release|Any CPU
		{5D4C3050-F7B3-4DF4-9762-9F1816D44B11}.Debug|Any CPU.ActiveCfg = Debug|Any CPU
		{5D4C3050-F7B3-4DF4-9762-9F1816D44B11}.Debug|Any CPU.Build.0 = Debug|Any CPU
		{5D4C3050-F7B3-4DF4-9762-9F1816D44B11}.Debug|ARM.ActiveCfg = Debug|Any CPU
		{5D4C3050-F7B3-4DF4-9762-9F1816D44B11}.Debug|ARM.Build.0 = Debug|Any CPU
		{5D4C3050-F7B3-4DF4-9762-9F1816D44B11}.Debug|iPhone.ActiveCfg = Debug|Any CPU
		{5D4C3050-F7B3-4DF4-9762-9F1816D44B11}.Debug|iPhone.Build.0 = Debug|Any CPU
		{5D4C3050-F7B3-4DF4-9762-9F1816D44B11}.Debug|iPhoneSimulator.ActiveCfg = Debug|Any CPU
		{5D4C3050-F7B3-4DF4-9762-9F1816D44B11}.Debug|iPhoneSimulator.Build.0 = Debug|Any CPU
		{5D4C3050-F7B3-4DF4-9762-9F1816D44B11}.Debug|x64.ActiveCfg = Debug|Any CPU
		{5D4C3050-F7B3-4DF4-9762-9F1816D44B11}.Debug|x64.Build.0 = Debug|Any CPU
		{5D4C3050-F7B3-4DF4-9762-9F1816D44B11}.Debug|x86.ActiveCfg = Debug|Any CPU
		{5D4C3050-F7B3-4DF4-9762-9F1816D44B11}.Debug|x86.Build.0 = Debug|Any CPU
		{5D4C3050-F7B3-4DF4-9762-9F1816D44B11}.Release|Any CPU.ActiveCfg = Release|Any CPU
		{5D4C3050-F7B3-4DF4-9762-9F1816D44B11}.Release|Any CPU.Build.0 = Release|Any CPU
		{5D4C3050-F7B3-4DF4-9762-9F1816D44B11}.Release|ARM.ActiveCfg = Release|Any CPU
		{5D4C3050-F7B3-4DF4-9762-9F1816D44B11}.Release|ARM.Build.0 = Release|Any CPU
		{5D4C3050-F7B3-4DF4-9762-9F1816D44B11}.Release|iPhone.ActiveCfg = Release|Any CPU
		{5D4C3050-F7B3-4DF4-9762-9F1816D44B11}.Release|iPhone.Build.0 = Release|Any CPU
		{5D4C3050-F7B3-4DF4-9762-9F1816D44B11}.Release|iPhoneSimulator.ActiveCfg = Release|Any CPU
		{5D4C3050-F7B3-4DF4-9762-9F1816D44B11}.Release|iPhoneSimulator.Build.0 = Release|Any CPU
		{5D4C3050-F7B3-4DF4-9762-9F1816D44B11}.Release|x64.ActiveCfg = Release|Any CPU
		{5D4C3050-F7B3-4DF4-9762-9F1816D44B11}.Release|x64.Build.0 = Release|Any CPU
		{5D4C3050-F7B3-4DF4-9762-9F1816D44B11}.Release|x86.ActiveCfg = Release|Any CPU
		{5D4C3050-F7B3-4DF4-9762-9F1816D44B11}.Release|x86.Build.0 = Release|Any CPU
	EndGlobalSection
	GlobalSection(SolutionProperties) = preSolution
		HideSolutionNode = FALSE
	EndGlobalSection
EndGlobal
